
Microsoft Visual Studio Solution File, Format Version 12.00
# Visual Studio Version 17
VisualStudioVersion = 17.13.35931.197 d17.13
MinimumVisualStudioVersion = 10.0.40219.1
Project("{FAE04EC0-301F-11D3-BF4B-00C04F79EFBC}") = "tpmodul8_103022300162", "tpmodul8_103022300162.csproj", "{6104C473-9060-4D9A-80B0-E9BECE915ABD}"
EndProject
Global
	GlobalSection(SolutionConfigurationPlatforms) = preSolution
		Debug|Any CPU = Debug|Any CPU
		Release|Any CPU = Release|Any CPU
	EndGlobalSection
	GlobalSection(ProjectConfigurationPlatforms) = postSolution
		{6104C473-9060-4D9A-80B0-E9BECE915ABD}.Debug|Any CPU.ActiveCfg = Debug|Any CPU
		{6104C473-9060-4D9A-80B0-E9BECE915ABD}.Debug|Any CPU.Build.0 = Debug|Any CPU
		{6104C473-9060-4D9A-80B0-E9BECE915ABD}.Release|Any CPU.ActiveCfg = Release|Any CPU
		{6104C473-9060-4D9A-80B0-E9BECE915ABD}.Release|Any CPU.Build.0 = Release|Any CPU
	EndGlobalSection
	GlobalSection(SolutionProperties) = preSolution
		HideSolutionNode = FALSE
	EndGlobalSection
	GlobalSection(ExtensibilityGlobals) = postSolution
		SolutionGuid = {74B4536F-1AB5-4B22-A347-F7110AF18B33}
	EndGlobalSection
EndGlobal
